// !$*UTF8*$!
{
	archiveVersion = 1;
	classes = {
	};
	objectVersion = 77;
	objects = {

/* Begin PBXBuildFile section */
		4F1C1F6BFBEE91A91C10AD6F /* PhotoGridView.swift in Sources */ = {isa = PBXBuildFile; fileRef = 4CAD3F7F7B74C9986257C954 /* PhotoGridView.swift */; };
		523706C2CE390DABC3F42423 /* PhotoStore.swift in Sources */ = {isa = PBXBuildFile; fileRef = 9775960EED989E905C540EBD /* PhotoStore.swift */; };
		6F1574802A29A1BDBEEC97AC /* FileService.swift in Sources */ = {isa = PBXBuildFile; fileRef = 5B7B0ED4DF2DF9803A9C067E /* FileService.swift */; };
		772B804E8913D5E0F9852B7A /* ContentView.swift in Sources */ = {isa = PBXBuildFile; fileRef = C22C58422FDE6C0E7ABC3244 /* ContentView.swift */; };
		7EFA8BCC10E0378EF53B4A31 /* RatingView.swift in Sources */ = {isa = PBXBuildFile; fileRef = 5968D103929ABD7DBF05845F /* RatingView.swift */; };
		91A1E0664DE65891E5BA2733 /* TagService.swift in Sources */ = {isa = PBXBuildFile; fileRef = E119C3B63E2B7DD2180D8F91 /* TagService.swift */; };
		A0269E847F483E4F5A28932B /* ThumbnailService.swift in Sources */ = {isa = PBXBuildFile; fileRef = E9089BF515227B2920C08F6B /* ThumbnailService.swift */; };
		A7C3B06A4114E50FBD4E52F5 /* FilterOptions.swift in Sources */ = {isa = PBXBuildFile; fileRef = 0F737808F5659A0785E753FB /* FilterOptions.swift */; };
		B37A2E3D2686E5F6AD32E2E3 /* Assets.xcassets in Resources */ = {isa = PBXBuildFile; fileRef = 83997CADD3814A8B7414F1E3 /* Assets.xcassets */; };
		B5E036AC4A96AE9E74F7FB10 /* PhotoDetailView.swift in Sources */ = {isa = PBXBuildFile; fileRef = 2C8A997BB8D81579E8048806 /* PhotoDetailView.swift */; };
		B6FE12FE5A0089C068A237E6 /* FilterSidebar.swift in Sources */ = {isa = PBXBuildFile; fileRef = D95630ABD40045620987EC2A /* FilterSidebar.swift */; };
		C3444613817BE0B2AF85E11C /* AsyncThumbnailView.swift in Sources */ = {isa = PBXBuildFile; fileRef = 21CD5EAA72EAF9C0DD93A6E6 /* AsyncThumbnailView.swift */; };
		C3E982F807AC3F7E27A5F553 /* SwiftCullApp.swift in Sources */ = {isa = PBXBuildFile; fileRef = 2565E571F22F3926C873CD3A /* SwiftCullApp.swift */; };
		DC42E7F2B52DDA092B424E1A /* RatingService.swift in Sources */ = {isa = PBXBuildFile; fileRef = 1B09468960B1D431AF86E430 /* RatingService.swift */; };
		ECE39EE7DDCA37F5E52CFA7C /* PhotoEntry.swift in Sources */ = {isa = PBXBuildFile; fileRef = A105DB405B72BB700676F180 /* PhotoEntry.swift */; };
/* End PBXBuildFile section */

/* Begin PBXFileReference section */
		0F737808F5659A0785E753FB /* FilterOptions.swift */ = {isa = PBXFileReference; lastKnownFileType = sourcecode.swift; path = FilterOptions.swift; sourceTree = "<group>"; };
		1B09468960B1D431AF86E430 /* RatingService.swift */ = {isa = PBXFileReference; lastKnownFileType = sourcecode.swift; path = RatingService.swift; sourceTree = "<group>"; };
		21CD5EAA72EAF9C0DD93A6E6 /* AsyncThumbnailView.swift */ = {isa = PBXFileReference; lastKnownFileType = sourcecode.swift; path = AsyncThumbnailView.swift; sourceTree = "<group>"; };
		2565E571F22F3926C873CD3A /* SwiftCullApp.swift */ = {isa = PBXFileReference; lastKnownFileType = sourcecode.swift; path = SwiftCullApp.swift; sourceTree = "<group>"; };
		2C8A997BB8D81579E8048806 /* PhotoDetailView.swift */ = {isa = PBXFileReference; lastKnownFileType = sourcecode.swift; path = PhotoDetailView.swift; sourceTree = "<group>"; };
		4282FAC4E670FE74A29E90B4 /* SwiftCull.entitlements */ = {isa = PBXFileReference; lastKnownFileType = text.plist.entitlements; path = SwiftCull.entitlements; sourceTree = "<group>"; };
		4CAD3F7F7B74C9986257C954 /* PhotoGridView.swift */ = {isa = PBXFileReference; lastKnownFileType = sourcecode.swift; path = PhotoGridView.swift; sourceTree = "<group>"; };
		5968D103929ABD7DBF05845F /* RatingView.swift */ = {isa = PBXFileReference; lastKnownFileType = sourcecode.swift; path = RatingView.swift; sourceTree = "<group>"; };
		5B7B0ED4DF2DF9803A9C067E /* FileService.swift */ = {isa = PBXFileReference; lastKnownFileType = sourcecode.swift; path = FileService.swift; sourceTree = "<group>"; };
		7582572AFC09BC3AD6217D00 /* SwiftCull.app */ = {isa = PBXFileReference; explicitFileType = wrapper.application; includeInIndex = 0; path = SwiftCull.app; sourceTree = BUILT_PRODUCTS_DIR; };
		83997CADD3814A8B7414F1E3 /* Assets.xcassets */ = {isa = PBXFileReference; lastKnownFileType = folder.assetcatalog; path = Assets.xcassets; sourceTree = "<group>"; };
		9775960EED989E905C540EBD /* PhotoStore.swift */ = {isa = PBXFileReference; lastKnownFileType = sourcecode.swift; path = PhotoStore.swift; sourceTree = "<group>"; };
		A105DB405B72BB700676F180 /* PhotoEntry.swift */ = {isa = PBXFileReference; lastKnownFileType = sourcecode.swift; path = PhotoEntry.swift; sourceTree = "<group>"; };
		C22C58422FDE6C0E7ABC3244 /* ContentView.swift */ = {isa = PBXFileReference; lastKnownFileType = sourcecode.swift; path = ContentView.swift; sourceTree = "<group>"; };
		D95630ABD40045620987EC2A /* FilterSidebar.swift */ = {isa = PBXFileReference; lastKnownFileType = sourcecode.swift; path = FilterSidebar.swift; sourceTree = "<group>"; };
		E119C3B63E2B7DD2180D8F91 /* TagService.swift */ = {isa = PBXFileReference; lastKnownFileType = sourcecode.swift; path = TagService.swift; sourceTree = "<group>"; };
		E9089BF515227B2920C08F6B /* ThumbnailService.swift */ = {isa = PBXFileReference; lastKnownFileType = sourcecode.swift; path = ThumbnailService.swift; sourceTree = "<group>"; };
/* End PBXFileReference section */

/* Begin PBXGroup section */
		037904771BBA652871847E10 /* Services */ = {
			isa = PBXGroup;
			children = (
				5B7B0ED4DF2DF9803A9C067E /* FileService.swift */,
				1B09468960B1D431AF86E430 /* RatingService.swift */,
				E119C3B63E2B7DD2180D8F91 /* TagService.swift */,
				E9089BF515227B2920C08F6B /* ThumbnailService.swift */,
			);
			path = Services;
			sourceTree = "<group>";
		};
		2960CDE53A961C9FA8DA9C93 /* SwiftCull */ = {
			isa = PBXGroup;
			children = (
				83997CADD3814A8B7414F1E3 /* Assets.xcassets */,
				4282FAC4E670FE74A29E90B4 /* SwiftCull.entitlements */,
				D464082456189645989FE79E /* App */,
				7F6575494ABCEAB049339347 /* Models */,
				037904771BBA652871847E10 /* Services */,
				DAECDC11BD9C984FD5F3F961 /* ViewModels */,
				67D9ED950AD47926C2C60DFD /* Views */,
			);
			path = SwiftCull;
			sourceTree = "<group>";
		};
		67D9ED950AD47926C2C60DFD /* Views */ = {
			isa = PBXGroup;
			children = (
				21CD5EAA72EAF9C0DD93A6E6 /* AsyncThumbnailView.swift */,
				C22C58422FDE6C0E7ABC3244 /* ContentView.swift */,
				D95630ABD40045620987EC2A /* FilterSidebar.swift */,
				2C8A997BB8D81579E8048806 /* PhotoDetailView.swift */,
				4CAD3F7F7B74C9986257C954 /* PhotoGridView.swift */,
				5968D103929ABD7DBF05845F /* RatingView.swift */,
			);
			path = Views;
			sourceTree = "<group>";
		};
		7F6575494ABCEAB049339347 /* Models */ = {
			isa = PBXGroup;
			children = (
				0F737808F5659A0785E753FB /* FilterOptions.swift */,
				A105DB405B72BB700676F180 /* PhotoEntry.swift */,
			);
			path = Models;
			sourceTree = "<group>";
		};
		D407AE5C157BDC811C91FF2B = {
			isa = PBXGroup;
			children = (
				2960CDE53A961C9FA8DA9C93 /* SwiftCull */,
				F0C25B2CB90EFCB5DDBF2109 /* Products */,
			);
			sourceTree = "<group>";
		};
		D464082456189645989FE79E /* App */ = {
			isa = PBXGroup;
			children = (
				2565E571F22F3926C873CD3A /* SwiftCullApp.swift */,
			);
			path = App;
			sourceTree = "<group>";
		};
		DAECDC11BD9C984FD5F3F961 /* ViewModels */ = {
			isa = PBXGroup;
			children = (
				9775960EED989E905C540EBD /* PhotoStore.swift */,
			);
			path = ViewModels;
			sourceTree = "<group>";
		};
		F0C25B2CB90EFCB5DDBF2109 /* Products */ = {
			isa = PBXGroup;
			children = (
				7582572AFC09BC3AD6217D00 /* SwiftCull.app */,
			);
			name = Products;
			sourceTree = "<group>";
		};
/* End PBXGroup section */

/* Begin PBXNativeTarget section */
		14B2598CA4356BC08909D2E8 /* SwiftCull */ = {
			isa = PBXNativeTarget;
			buildConfigurationList = 322BCE3381EDB087F1DE6F6B /* Build configuration list for PBXNativeTarget "SwiftCull" */;
			buildPhases = (
				AA59E22C0BE347E68DF76F71 /* Sources */,
				93C3E81EEAC97B8C238E57A8 /* Resources */,
			);
			buildRules = (
			);
			dependencies = (
			);
			name = SwiftCull;
			packageProductDependencies = (
			);
			productName = SwiftCull;
			productReference = 7582572AFC09BC3AD6217D00 /* SwiftCull.app */;
			productType = "com.apple.product-type.application";
		};
/* End PBXNativeTarget section */

/* Begin PBXProject section */
		6EF65C94FFB8129F3B67FF4A /* Project object */ = {
			isa = PBXProject;
			attributes = {
				BuildIndependentTargetsInParallel = YES;
				LastUpgradeCheck = 1600;
				TargetAttributes = {
					14B2598CA4356BC08909D2E8 = {
						ProvisioningStyle = Automatic;
					};
				};
			};
			buildConfigurationList = A80082DC2EF13A45758B8DA9 /* Build configuration list for PBXProject "SwiftCull" */;
			developmentRegion = en;
			hasScannedForEncodings = 0;
			knownRegions = (
				Base,
				en,
			);
			mainGroup = D407AE5C157BDC811C91FF2B;
			minimizedProjectReferenceProxies = 1;
			preferredProjectObjectVersion = 77;
			productRefGroup = F0C25B2CB90EFCB5DDBF2109 /* Products */;
			projectDirPath = "";
			projectRoot = "";
			targets = (
				14B2598CA4356BC08909D2E8 /* SwiftCull */,
			);
		};
/* End PBXProject section */

/* Begin PBXResourcesBuildPhase section */
		93C3E81EEAC97B8C238E57A8 /* Resources */ = {
			isa = PBXResourcesBuildPhase;
			buildActionMask = 2147483647;
			files = (
				B37A2E3D2686E5F6AD32E2E3 /* Assets.xcassets in Resources */,
			);
			runOnlyForDeploymentPostprocessing = 0;
		};
/* End PBXResourcesBuildPhase section */

/* Begin PBXSourcesBuildPhase section */
		AA59E22C0BE347E68DF76F71 /* Sources */ = {
			isa = PBXSourcesBuildPhase;
			buildActionMask = 2147483647;
			files = (
				C3444613817BE0B2AF85E11C /* AsyncThumbnailView.swift in Sources */,
				772B804E8913D5E0F9852B7A /* ContentView.swift in Sources */,
				6F1574802A29A1BDBEEC97AC /* FileService.swift in Sources */,
				A7C3B06A4114E50FBD4E52F5 /* FilterOptions.swift in Sources */,
				B6FE12FE5A0089C068A237E6 /* FilterSidebar.swift in Sources */,
				B5E036AC4A96AE9E74F7FB10 /* PhotoDetailView.swift in Sources */,
				ECE39EE7DDCA37F5E52CFA7C /* PhotoEntry.swift in Sources */,
				4F1C1F6BFBEE91A91C10AD6F /* PhotoGridView.swift in Sources */,
				523706C2CE390DABC3F42423 /* PhotoStore.swift in Sources */,
				DC42E7F2B52DDA092B424E1A /* RatingService.swift in Sources */,
				7EFA8BCC10E0378EF53B4A31 /* RatingView.swift in Sources */,
				C3E982F807AC3F7E27A5F553 /* SwiftCullApp.swift in Sources */,
				91A1E0664DE65891E5BA2733 /* TagService.swift in Sources */,
				A0269E847F483E4F5A28932B /* ThumbnailService.swift in Sources */,
			);
			runOnlyForDeploymentPostprocessing = 0;
		};
/* End PBXSourcesBuildPhase section */

/* Begin XCBuildConfiguration section */
		083226EF891DB001CC77A7AA /* Release */ = {
			isa = XCBuildConfiguration;
			buildSettings = {
				ASSETCATALOG_COMPILER_APPICON_NAME = AppIcon;
				CODE_SIGN_ENTITLEMENTS = SwiftCull/SwiftCull.entitlements;
				CODE_SIGN_IDENTITY = "-";
				CODE_SIGN_STYLE = Automatic;
				COMBINE_HIDPI_IMAGES = YES;
				ENABLE_PREVIEWS = YES;
				GENERATE_INFOPLIST_FILE = YES;
				INFOPLIST_KEY_CFBundleDisplayName = SwiftCull;
				INFOPLIST_KEY_LSApplicationCategoryType = "public.app-category.photography";
				LD_RUNPATH_SEARCH_PATHS = (
					"$(inherited)",
					"@executable_path/../Frameworks",
				);
				PRODUCT_BUNDLE_IDENTIFIER = com.swiftcull.app;
				PRODUCT_NAME = SwiftCull;
				SDKROOT = macosx;
				SWIFT_STRICT_CONCURRENCY = minimal;
			};
			name = Release;
		};
		2E3FFAC88791EC4CD8BCB3B9 /* Debug */ = {
			isa = XCBuildConfiguration;
			buildSettings = {
				ALWAYS_SEARCH_USER_PATHS = NO;
				CLANG_ANALYZER_NONNULL = YES;
				CLANG_ANALYZER_NUMBER_OBJECT_CONVERSION = YES_AGGRESSIVE;
				CLANG_CXX_LANGUAGE_STANDARD = "gnu++14";
				CLANG_CXX_LIBRARY = "libc++";
				CLANG_ENABLE_MODULES = YES;
				CLANG_ENABLE_OBJC_ARC = YES;
				CLANG_ENABLE_OBJC_WEAK = YES;
				CLANG_WARN_BLOCK_CAPTURE_AUTORELEASING = YES;
				CLANG_WARN_BOOL_CONVERSION = YES;
				CLANG_WARN_COMMA = YES;
				CLANG_WARN_CONSTANT_CONVERSION = YES;
				CLANG_WARN_DEPRECATED_OBJC_IMPLEMENTATIONS = YES;
				CLANG_WARN_DIRECT_OBJC_ISA_USAGE = YES_ERROR;
				CLANG_WARN_DOCUMENTATION_COMMENTS = YES;
				CLANG_WARN_EMPTY_BODY = YES;
				CLANG_WARN_ENUM_CONVERSION = YES;
				CLANG_WARN_INFINITE_RECURSION = YES;
				CLANG_WARN_INT_CONVERSION = YES;
				CLANG_WARN_NON_LITERAL_NULL_CONVERSION = YES;
				CLANG_WARN_OBJC_IMPLICIT_RETAIN_SELF = YES;
				CLANG_WARN_OBJC_LITERAL_CONVERSION = YES;
				CLANG_WARN_OBJC_ROOT_CLASS = YES_ERROR;
				CLANG_WARN_QUOTED_INCLUDE_IN_FRAMEWORK_HEADER = YES;
				CLANG_WARN_RANGE_LOOP_ANALYSIS = YES;
				CLANG_WARN_STRICT_PROTOTYPES = YES;
				CLANG_WARN_SUSPICIOUS_MOVE = YES;
				CLANG_WARN_UNGUARDED_AVAILABILITY = YES_AGGRESSIVE;
				CLANG_WARN_UNREACHABLE_CODE = YES;
				CLANG_WARN__DUPLICATE_METHOD_MATCH = YES;
				COPY_PHASE_STRIP = NO;
				DEBUG_INFORMATION_FORMAT = dwarf;
				ENABLE_STRICT_OBJC_MSGSEND = YES;
				ENABLE_TESTABILITY = YES;
				GCC_C_LANGUAGE_STANDARD = gnu11;
				GCC_DYNAMIC_NO_PIC = NO;
				GCC_NO_COMMON_BLOCKS = YES;
				GCC_OPTIMIZATION_LEVEL = 0;
				GCC_PREPROCESSOR_DEFINITIONS = (
					"$(inherited)",
					"DEBUG=1",
				);
				GCC_WARN_64_TO_32_BIT_CONVERSION = YES;
				GCC_WARN_ABOUT_RETURN_TYPE = YES_ERROR;
				GCC_WARN_UNDECLARED_SELECTOR = YES;
				GCC_WARN_UNINITIALIZED_AUTOS = YES_AGGRESSIVE;
				GCC_WARN_UNUSED_FUNCTION = YES;
				GCC_WARN_UNUSED_VARIABLE = YES;
				MACOSX_DEPLOYMENT_TARGET = 14.0;
				MTL_ENABLE_DEBUG_INFO = INCLUDE_SOURCE;
				MTL_FAST_MATH = YES;
				ONLY_ACTIVE_ARCH = YES;
				PRODUCT_NAME = "$(TARGET_NAME)";
				SDKROOT = macosx;
				SWIFT_ACTIVE_COMPILATION_CONDITIONS = DEBUG;
				SWIFT_OPTIMIZATION_LEVEL = "-Onone";
				SWIFT_VERSION = 6.0;
			};
			name = Debug;
		};
		914A8A77CD2E7F784B919B77 /* Debug */ = {
			isa = XCBuildConfiguration;
			buildSettings = {
				ASSETCATALOG_COMPILER_APPICON_NAME = AppIcon;
				CODE_SIGN_ENTITLEMENTS = SwiftCull/SwiftCull.entitlements;
				CODE_SIGN_IDENTITY = "-";
				CODE_SIGN_STYLE = Automatic;
				COMBINE_HIDPI_IMAGES = YES;
				ENABLE_PREVIEWS = YES;
				GENERATE_INFOPLIST_FILE = YES;
				INFOPLIST_KEY_CFBundleDisplayName = SwiftCull;
				INFOPLIST_KEY_LSApplicationCategoryType = "public.app-category.photography";
				LD_RUNPATH_SEARCH_PATHS = (
					"$(inherited)",
					"@executable_path/../Frameworks",
				);
				PRODUCT_BUNDLE_IDENTIFIER = com.swiftcull.app;
				PRODUCT_NAME = SwiftCull;
				SDKROOT = macosx;
				SWIFT_STRICT_CONCURRENCY = minimal;
			};
			name = Debug;
		};
		E9E611E9FAB8E32CE69A94A9 /* Release */ = {
			isa = XCBuildConfiguration;
			buildSettings = {
				ALWAYS_SEARCH_USER_PATHS = NO;
				CLANG_ANALYZER_NONNULL = YES;
				CLANG_ANALYZER_NUMBER_OBJECT_CONVERSION = YES_AGGRESSIVE;
				CLANG_CXX_LANGUAGE_STANDARD = "gnu++14";
				CLANG_CXX_LIBRARY = "libc++";
				CLANG_ENABLE_MODULES = YES;
				CLANG_ENABLE_OBJC_ARC = YES;
				CLANG_ENABLE_OBJC_WEAK = YES;
				CLANG_WARN_BLOCK_CAPTURE_AUTORELEASING = YES;
				CLANG_WARN_BOOL_CONVERSION = YES;
				CLANG_WARN_COMMA = YES;
				CLANG_WARN_CONSTANT_CONVERSION = YES;
				CLANG_WARN_DEPRECATED_OBJC_IMPLEMENTATIONS = YES;
				CLANG_WARN_DIRECT_OBJC_ISA_USAGE = YES_ERROR;
				CLANG_WARN_DOCUMENTATION_COMMENTS = YES;
				CLANG_WARN_EMPTY_BODY = YES;
				CLANG_WARN_ENUM_CONVERSION = YES;
				CLANG_WARN_INFINITE_RECURSION = YES;
				CLANG_WARN_INT_CONVERSION = YES;
				CLANG_WARN_NON_LITERAL_NULL_CONVERSION = YES;
				CLANG_WARN_OBJC_IMPLICIT_RETAIN_SELF = YES;
				CLANG_WARN_OBJC_LITERAL_CONVERSION = YES;
				CLANG_WARN_OBJC_ROOT_CLASS = YES_ERROR;
				CLANG_WARN_QUOTED_INCLUDE_IN_FRAMEWORK_HEADER = YES;
				CLANG_WARN_RANGE_LOOP_ANALYSIS = YES;
				CLANG_WARN_STRICT_PROTOTYPES = YES;
				CLANG_WARN_SUSPICIOUS_MOVE = YES;
				CLANG_WARN_UNGUARDED_AVAILABILITY = YES_AGGRESSIVE;
				CLANG_WARN_UNREACHABLE_CODE = YES;
				CLANG_WARN__DUPLICATE_METHOD_MATCH = YES;
				COPY_PHASE_STRIP = NO;
				DEBUG_INFORMATION_FORMAT = "dwarf-with-dsym";
				ENABLE_NS_ASSERTIONS = NO;
				ENABLE_STRICT_OBJC_MSGSEND = YES;
				GCC_C_LANGUAGE_STANDARD = gnu11;
				GCC_NO_COMMON_BLOCKS = YES;
				GCC_WARN_64_TO_32_BIT_CONVERSION = YES;
				GCC_WARN_ABOUT_RETURN_TYPE = YES_ERROR;
				GCC_WARN_UNDECLARED_SELECTOR = YES;
				GCC_WARN_UNINITIALIZED_AUTOS = YES_AGGRESSIVE;
				GCC_WARN_UNUSED_FUNCTION = YES;
				GCC_WARN_UNUSED_VARIABLE = YES;
				MACOSX_DEPLOYMENT_TARGET = 14.0;
				MTL_ENABLE_DEBUG_INFO = NO;
				MTL_FAST_MATH = YES;
				PRODUCT_NAME = "$(TARGET_NAME)";
				SDKROOT = macosx;
				SWIFT_COMPILATION_MODE = wholemodule;
				SWIFT_OPTIMIZATION_LEVEL = "-O";
				SWIFT_VERSION = 6.0;
			};
			name = Release;
		};
/* End XCBuildConfiguration section */

/* Begin XCConfigurationList section */
		322BCE3381EDB087F1DE6F6B /* Build configuration list for PBXNativeTarget "SwiftCull" */ = {
			isa = XCConfigurationList;
			buildConfigurations = (
				914A8A77CD2E7F784B919B77 /* Debug */,
				083226EF891DB001CC77A7AA /* Release */,
			);
			defaultConfigurationIsVisible = 0;
			defaultConfigurationName = Debug;
		};
		A80082DC2EF13A45758B8DA9 /* Build configuration list for PBXProject "SwiftCull" */ = {
			isa = XCConfigurationList;
			buildConfigurations = (
				2E3FFAC88791EC4CD8BCB3B9 /* Debug */,
				E9E611E9FAB8E32CE69A94A9 /* Release */,
			);
			defaultConfigurationIsVisible = 0;
			defaultConfigurationName = Debug;
		};
/* End XCConfigurationList section */
	};
	rootObject = 6EF65C94FFB8129F3B67FF4A /* Project object */;
}
